// !$*UTF8*$!
{
	archiveVersion = 1;
	classes = {
	};
	objectVersion = 46;
	objects = {

/* Begin PBXBuildFile section */
		512732A21A1BEBB70070D96E /* AppDelegate.swift in Sources */ = {isa = PBXBuildFile; fileRef = 512732A11A1BEBB70070D96E /* AppDelegate.swift */; };
		512732A41A1BEBB70070D96E /* art.scnassets in Resources */ = {isa = PBXBuildFile; fileRef = 512732A31A1BEBB70070D96E /* art.scnassets */; };
		512732A61A1BEBB70070D96E /* GameViewController.swift in Sources */ = {isa = PBXBuildFile; fileRef = 512732A51A1BEBB70070D96E /* GameViewController.swift */; };
		512732A91A1BEBB70070D96E /* Main.storyboard in Resources */ = {isa = PBXBuildFile; fileRef = 512732A71A1BEBB70070D96E /* Main.storyboard */; };
		512732AB1A1BEBB70070D96E /* Images.xcassets in Resources */ = {isa = PBXBuildFile; fileRef = 512732AA1A1BEBB70070D96E /* Images.xcassets */; };
		512732AE1A1BEBB70070D96E /* LaunchScreen.xib in Resources */ = {isa = PBXBuildFile; fileRef = 512732AC1A1BEBB70070D96E /* LaunchScreen.xib */; };
		512732BA1A1BEBB70070D96E /* CustomShadersTests.swift in Sources */ = {isa = PBXBuildFile; fileRef = 512732B91A1BEBB70070D96E /* CustomShadersTests.swift */; };
		512732C41A1C0D410070D96E /* geometry_ripple.shader in Resources */ = {isa = PBXBuildFile; fileRef = 512732C31A1C0D410070D96E /* geometry_ripple.shader */; };
		51F484AE1A223BF000B4954F /* SceneKit.framework in Frameworks */ = {isa = PBXBuildFile; fileRef = 51F484AD1A223BF000B4954F /* SceneKit.framework */; };
		51F484B01A223C0100B4954F /* OpenGLES.framework in Frameworks */ = {isa = PBXBuildFile; fileRef = 51F484AF1A223C0100B4954F /* OpenGLES.framework */; };
		51F484B21A223D9100B4954F /* sm_surf.shader in Resources */ = {isa = PBXBuildFile; fileRef = 51F484B11A223D9100B4954F /* sm_surf.shader */; };
		51F484B41A223D9E00B4954F /* toon.shader in Resources */ = {isa = PBXBuildFile; fileRef = 51F484B31A223D9E00B4954F /* toon.shader */; };
		51F484F21A22540300B4954F /* sm_light.shader in Resources */ = {isa = PBXBuildFile; fileRef = 51F484F11A22540300B4954F /* sm_light.shader */; };
		51F484F41A22541900B4954F /* sm_frag.shader in Resources */ = {isa = PBXBuildFile; fileRef = 51F484F31A22541900B4954F /* sm_frag.shader */; };
		51F484F61A22542100B4954F /* sm_geom.shader in Resources */ = {isa = PBXBuildFile; fileRef = 51F484F51A22542100B4954F /* sm_geom.shader */; };
/* End PBXBuildFile section */

/* Begin PBXContainerItemProxy section */
		512732B41A1BEBB70070D96E /* PBXContainerItemProxy */ = {
			isa = PBXContainerItemProxy;
			containerPortal = 512732941A1BEBB70070D96E /* Project object */;
			proxyType = 1;
			remoteGlobalIDString = 5127329B1A1BEBB70070D96E;
			remoteInfo = CustomShaders;
		};
/* End PBXContainerItemProxy section */

/* Begin PBXFileReference section */
		5127329C1A1BEBB70070D96E /* CustomShaders.app */ = {isa = PBXFileReference; explicitFileType = wrapper.application; includeInIndex = 0; path = CustomShaders.app; sourceTree = BUILT_PRODUCTS_DIR; };
		512732A01A1BEBB70070D96E /* Info.plist */ = {isa = PBXFileReference; lastKnownFileType = text.plist.xml; path = Info.plist; sourceTree = "<group>"; };
		512732A11A1BEBB70070D96E /* AppDelegate.swift */ = {isa = PBXFileReference; lastKnownFileType = sourcecode.swift; path = AppDelegate.swift; sourceTree = "<group>"; };
		512732A31A1BEBB70070D96E /* art.scnassets */ = {isa = PBXFileReference; lastKnownFileType = wrapper.scnassets; path = art.scnassets; sourceTree = "<group>"; };
		512732A51A1BEBB70070D96E /* GameViewController.swift */ = {isa = PBXFileReference; lastKnownFileType = sourcecode.swift; path = GameViewController.swift; sourceTree = "<group>"; };
		512732A81A1BEBB70070D96E /* Base */ = {isa = PBXFileReference; lastKnownFileType = file.storyboard; name = Base; path = Base.lproj/Main.storyboard; sourceTree = "<group>"; };
		512732AA1A1BEBB70070D96E /* Images.xcassets */ = {isa = PBXFileReference; lastKnownFileType = folder.assetcatalog; path = Images.xcassets; sourceTree = "<group>"; };
		512732AD1A1BEBB70070D96E /* Base */ = {isa = PBXFileReference; lastKnownFileType = file.xib; name = Base; path = Base.lproj/LaunchScreen.xib; sourceTree = "<group>"; };
		512732B31A1BEBB70070D96E /* CustomShadersTests.xctest */ = {isa = PBXFileReference; explicitFileType = wrapper.cfbundle; includeInIndex = 0; path = CustomShadersTests.xctest; sourceTree = BUILT_PRODUCTS_DIR; };
		512732B81A1BEBB70070D96E /* Info.plist */ = {isa = PBXFileReference; lastKnownFileType = text.plist.xml; path = Info.plist; sourceTree = "<group>"; };
		512732B91A1BEBB70070D96E /* CustomShadersTests.swift */ = {isa = PBXFileReference; lastKnownFileType = sourcecode.swift; path = CustomShadersTests.swift; sourceTree = "<group>"; };
		512732C31A1C0D410070D96E /* geometry_ripple.shader */ = {isa = PBXFileReference; fileEncoding = 4; lastKnownFileType = text; path = geometry_ripple.shader; sourceTree = "<group>"; };
		51F484AD1A223BF000B4954F /* SceneKit.framework */ = {isa = PBXFileReference; lastKnownFileType = wrapper.framework; name = SceneKit.framework; path = System/Library/Frameworks/SceneKit.framework; sourceTree = SDKROOT; };
		51F484AF1A223C0100B4954F /* OpenGLES.framework */ = {isa = PBXFileReference; lastKnownFileType = wrapper.framework; name = OpenGLES.framework; path = System/Library/Frameworks/OpenGLES.framework; sourceTree = SDKROOT; };
		51F484B11A223D9100B4954F /* sm_surf.shader */ = {isa = PBXFileReference; fileEncoding = 4; lastKnownFileType = text; path = sm_surf.shader; sourceTree = "<group>"; };
		51F484B31A223D9E00B4954F /* toon.shader */ = {isa = PBXFileReference; fileEncoding = 4; lastKnownFileType = text; path = toon.shader; sourceTree = "<group>"; };
		51F484F11A22540300B4954F /* sm_light.shader */ = {isa = PBXFileReference; fileEncoding = 4; lastKnownFileType = text; path = sm_light.shader; sourceTree = "<group>"; };
		51F484F31A22541900B4954F /* sm_frag.shader */ = {isa = PBXFileReference; fileEncoding = 4; lastKnownFileType = text; path = sm_frag.shader; sourceTree = "<group>"; };
		51F484F51A22542100B4954F /* sm_geom.shader */ = {isa = PBXFileReference; fileEncoding = 4; lastKnownFileType = text; path = sm_geom.shader; sourceTree = "<group>"; };
/* End PBXFileReference section */

/* Begin PBXFrameworksBuildPhase section */
		512732991A1BEBB70070D96E /* Frameworks */ = {
			isa = PBXFrameworksBuildPhase;
			buildActionMask = 2147483647;
			files = (
				51F484B01A223C0100B4954F /* OpenGLES.framework in Frameworks */,
				51F484AE1A223BF000B4954F /* SceneKit.framework in Frameworks */,
			);
			runOnlyForDeploymentPostprocessing = 0;
		};
		512732B01A1BEBB70070D96E /* Frameworks */ = {
			isa = PBXFrameworksBuildPhase;
			buildActionMask = 2147483647;
			files = (
			);
			runOnlyForDeploymentPostprocessing = 0;
		};
/* End PBXFrameworksBuildPhase section */

/* Begin PBXGroup section */
		512732931A1BEBB70070D96E = {
			isa = PBXGroup;
			children = (
				51F484AF1A223C0100B4954F /* OpenGLES.framework */,
				51F484AD1A223BF000B4954F /* SceneKit.framework */,
				5127329E1A1BEBB70070D96E /* CustomShaders */,
				512732B61A1BEBB70070D96E /* CustomShadersTests */,
				5127329D1A1BEBB70070D96E /* Products */,
			);
			sourceTree = "<group>";
		};
		5127329D1A1BEBB70070D96E /* Products */ = {
			isa = PBXGroup;
			children = (
				5127329C1A1BEBB70070D96E /* CustomShaders.app */,
				512732B31A1BEBB70070D96E /* CustomShadersTests.xctest */,
			);
			name = Products;
			sourceTree = "<group>";
		};
		5127329E1A1BEBB70070D96E /* CustomShaders */ = {
			isa = PBXGroup;
			children = (
				512732A11A1BEBB70070D96E /* AppDelegate.swift */,
				512732A51A1BEBB70070D96E /* GameViewController.swift */,
				512732A71A1BEBB70070D96E /* Main.storyboard */,
				512732AC1A1BEBB70070D96E /* LaunchScreen.xib */,
				512732AA1A1BEBB70070D96E /* Images.xcassets */,
				51F484F71A22555C00B4954F /* Shaders */,
				512732A31A1BEBB70070D96E /* art.scnassets */,
				5127329F1A1BEBB70070D96E /* Supporting Files */,
			);
			path = CustomShaders;
			sourceTree = "<group>";
		};
		5127329F1A1BEBB70070D96E /* Supporting Files */ = {
			isa = PBXGroup;
			children = (
				512732A01A1BEBB70070D96E /* Info.plist */,
			);
			name = "Supporting Files";
			sourceTree = "<group>";
		};
		512732B61A1BEBB70070D96E /* CustomShadersTests */ = {
			isa = PBXGroup;
			children = (
				512732B91A1BEBB70070D96E /* CustomShadersTests.swift */,
				512732B71A1BEBB70070D96E /* Supporting Files */,
			);
			path = CustomShadersTests;
			sourceTree = "<group>";
		};
		512732B71A1BEBB70070D96E /* Supporting Files */ = {
			isa = PBXGroup;
			children = (
				512732B81A1BEBB70070D96E /* Info.plist */,
			);
			name = "Supporting Files";
			sourceTree = "<group>";
		};
		51F484F71A22555C00B4954F /* Shaders */ = {
			isa = PBXGroup;
			children = (
				51F484F81A22557100B4954F /* WWDC Shaders */,
			);
			name = Shaders;
			sourceTree = "<group>";
		};
		51F484F81A22557100B4954F /* WWDC Shaders */ = {
			isa = PBXGroup;
			children = (
				51F484B11A223D9100B4954F /* sm_surf.shader */,
				51F484F11A22540300B4954F /* sm_light.shader */,
				51F484F31A22541900B4954F /* sm_frag.shader */,
				51F484F51A22542100B4954F /* sm_geom.shader */,
				51F484B31A223D9E00B4954F /* toon.shader */,
				512732C31A1C0D410070D96E /* geometry_ripple.shader */,
			);
			name = "WWDC Shaders";
			sourceTree = "<group>";
		};
/* End PBXGroup section */

/* Begin PBXNativeTarget section */
		5127329B1A1BEBB70070D96E /* CustomShaders */ = {
			isa = PBXNativeTarget;
			buildConfigurationList = 512732BD1A1BEBB70070D96E /* Build configuration list for PBXNativeTarget "CustomShaders" */;
			buildPhases = (
				512732981A1BEBB70070D96E /* Sources */,
				512732991A1BEBB70070D96E /* Frameworks */,
				5127329A1A1BEBB70070D96E /* Resources */,
			);
			buildRules = (
			);
			dependencies = (
			);
			name = CustomShaders;
			productName = CustomShaders;
			productReference = 5127329C1A1BEBB70070D96E /* CustomShaders.app */;
			productType = "com.apple.product-type.application";
		};
		512732B21A1BEBB70070D96E /* CustomShadersTests */ = {
			isa = PBXNativeTarget;
			buildConfigurationList = 512732C01A1BEBB70070D96E /* Build configuration list for PBXNativeTarget "CustomShadersTests" */;
			buildPhases = (
				512732AF1A1BEBB70070D96E /* Sources */,
				512732B01A1BEBB70070D96E /* Frameworks */,
				512732B11A1BEBB70070D96E /* Resources */,
			);
			buildRules = (
			);
			dependencies = (
				512732B51A1BEBB70070D96E /* PBXTargetDependency */,
			);
			name = CustomShadersTests;
			productName = CustomShadersTests;
			productReference = 512732B31A1BEBB70070D96E /* CustomShadersTests.xctest */;
			productType = "com.apple.product-type.bundle.unit-test";
		};
/* End PBXNativeTarget section */

/* Begin PBXProject section */
		512732941A1BEBB70070D96E /* Project object */ = {
			isa = PBXProject;
			attributes = {
				LastUpgradeCheck = 0610;
				ORGANIZATIONNAME = "Nathanael Beisiegel";
				TargetAttributes = {
					5127329B1A1BEBB70070D96E = {
						CreatedOnToolsVersion = 6.1;
					};
					512732B21A1BEBB70070D96E = {
						CreatedOnToolsVersion = 6.1;
						TestTargetID = 5127329B1A1BEBB70070D96E;
					};
				};
			};
			buildConfigurationList = 512732971A1BEBB70070D96E /* Build configuration list for PBXProject "CustomShaders" */;
			compatibilityVersion = "Xcode 3.2";
			developmentRegion = English;
			hasScannedForEncodings = 0;
			knownRegions = (
				en,
				Base,
			);
			mainGroup = 512732931A1BEBB70070D96E;
			productRefGroup = 5127329D1A1BEBB70070D96E /* Products */;
			projectDirPath = "";
			projectRoot = "";
			targets = (
				5127329B1A1BEBB70070D96E /* CustomShaders */,
				512732B21A1BEBB70070D96E /* CustomShadersTests */,
			);
		};
/* End PBXProject section */

/* Begin PBXResourcesBuildPhase section */
		5127329A1A1BEBB70070D96E /* Resources */ = {
			isa = PBXResourcesBuildPhase;
			buildActionMask = 2147483647;
			files = (
				51F484B21A223D9100B4954F /* sm_surf.shader in Resources */,
				512732AE1A1BEBB70070D96E /* LaunchScreen.xib in Resources */,
				512732C41A1C0D410070D96E /* geometry_ripple.shader in Resources */,
				51F484F21A22540300B4954F /* sm_light.shader in Resources */,
				51F484F41A22541900B4954F /* sm_frag.shader in Resources */,
				512732AB1A1BEBB70070D96E /* Images.xcassets in Resources */,
				51F484F61A22542100B4954F /* sm_geom.shader in Resources */,
				512732A41A1BEBB70070D96E /* art.scnassets in Resources */,
				51F484B41A223D9E00B4954F /* toon.shader in Resources */,
				512732A91A1BEBB70070D96E /* Main.storyboard in Resources */,
			);
			runOnlyForDeploymentPostprocessing = 0;
		};
		512732B11A1BEBB70070D96E /* Resources */ = {
			isa = PBXResourcesBuildPhase;
			buildActionMask = 2147483647;
			files = (
			);
			runOnlyForDeploymentPostprocessing = 0;
		};
/* End PBXResourcesBuildPhase section */

/* Begin PBXSourcesBuildPhase section */
		512732981A1BEBB70070D96E /* Sources */ = {
			isa = PBXSourcesBuildPhase;
			buildActionMask = 2147483647;
			files = (
				512732A61A1BEBB70070D96E /* GameViewController.swift in Sources */,
				512732A21A1BEBB70070D96E /* AppDelegate.swift in Sources */,
			);
			runOnlyForDeploymentPostprocessing = 0;
		};
		512732AF1A1BEBB70070D96E /* Sources */ = {
			isa = PBXSourcesBuildPhase;
			buildActionMask = 2147483647;
			files = (
				512732BA1A1BEBB70070D96E /* CustomShadersTests.swift in Sources */,
			);
			runOnlyForDeploymentPostprocessing = 0;
		};
/* End PBXSourcesBuildPhase section */

/* Begin PBXTargetDependency section */
		512732B51A1BEBB70070D96E /* PBXTargetDependency */ = {
			isa = PBXTargetDependency;
			target = 5127329B1A1BEBB70070D96E /* CustomShaders */;
			targetProxy = 512732B41A1BEBB70070D96E /* PBXContainerItemProxy */;
		};
/* End PBXTargetDependency section */

/* Begin PBXVariantGroup section */
		512732A71A1BEBB70070D96E /* Main.storyboard */ = {
			isa = PBXVariantGroup;
			children = (
				512732A81A1BEBB70070D96E /* Base */,
			);
			name = Main.storyboard;
			sourceTree = "<group>";
		};
		512732AC1A1BEBB70070D96E /* LaunchScreen.xib */ = {
			isa = PBXVariantGroup;
			children = (
				512732AD1A1BEBB70070D96E /* Base */,
			);
			name = LaunchScreen.xib;
			sourceTree = "<group>";
		};
/* End PBXVariantGroup section */

/* Begin XCBuildConfiguration section */
		512732BB1A1BEBB70070D96E /* Debug */ = {
			isa = XCBuildConfiguration;
			buildSettings = {
				ALWAYS_SEARCH_USER_PATHS = NO;
				CLANG_CXX_LANGUAGE_STANDARD = "gnu++0x";
				CLANG_CXX_LIBRARY = "libc++";
				CLANG_ENABLE_MODULES = YES;
				CLANG_ENABLE_OBJC_ARC = YES;
				CLANG_WARN_BOOL_CONVERSION = YES;
				CLANG_WARN_CONSTANT_CONVERSION = YES;
				CLANG_WARN_DIRECT_OBJC_ISA_USAGE = YES_ERROR;
				CLANG_WARN_EMPTY_BODY = YES;
				CLANG_WARN_ENUM_CONVERSION = YES;
				CLANG_WARN_INT_CONVERSION = YES;
				CLANG_WARN_OBJC_ROOT_CLASS = YES_ERROR;
				CLANG_WARN_UNREACHABLE_CODE = YES;
				CLANG_WARN__DUPLICATE_METHOD_MATCH = YES;
				"CODE_SIGN_IDENTITY[sdk=iphoneos*]" = "iPhone Developer";
				COPY_PHASE_STRIP = NO;
				ENABLE_STRICT_OBJC_MSGSEND = YES;
				GCC_C_LANGUAGE_STANDARD = gnu99;
				GCC_DYNAMIC_NO_PIC = NO;
				GCC_OPTIMIZATION_LEVEL = 0;
				GCC_PREPROCESSOR_DEFINITIONS = (
					"DEBUG=1",
					"$(inherited)",
				);
				GCC_SYMBOLS_PRIVATE_EXTERN = NO;
				GCC_WARN_64_TO_32_BIT_CONVERSION = YES;
				GCC_WARN_ABOUT_RETURN_TYPE = YES_ERROR;
				GCC_WARN_UNDECLARED_SELECTOR = YES;
				GCC_WARN_UNINITIALIZED_AUTOS = YES_AGGRESSIVE;
				GCC_WARN_UNUSED_FUNCTION = YES;
				GCC_WARN_UNUSED_VARIABLE = YES;
				IPHONEOS_DEPLOYMENT_TARGET = 8.1;
				MTL_ENABLE_DEBUG_INFO = YES;
				ONLY_ACTIVE_ARCH = YES;
				SDKROOT = iphoneos;
				SWIFT_OPTIMIZATION_LEVEL = "-Onone";
				TARGETED_DEVICE_FAMILY = "1,2";
			};
			name = Debug;
		};
		512732BC1A1BEBB70070D96E /* Release */ = {
			isa = XCBuildConfiguration;
			buildSettings = {
				ALWAYS_SEARCH_USER_PATHS = NO;
				CLANG_CXX_LANGUAGE_STANDARD = "gnu++0x";
				CLANG_CXX_LIBRARY = "libc++";
				CLANG_ENABLE_MODULES = YES;
				CLANG_ENABLE_OBJC_ARC = YES;
				CLANG_WARN_BOOL_CONVERSION = YES;
				CLANG_WARN_CONSTANT_CONVERSION = YES;
				CLANG_WARN_DIRECT_OBJC_ISA_USAGE = YES_ERROR;
				CLANG_WARN_EMPTY_BODY = YES;
				CLANG_WARN_ENUM_CONVERSION = YES;
				CLANG_WARN_INT_CONVERSION = YES;
				CLANG_WARN_OBJC_ROOT_CLASS = YES_ERROR;
				CLANG_WARN_UNREACHABLE_CODE = YES;
				CLANG_WARN__DUPLICATE_METHOD_MATCH = YES;
				"CODE_SIGN_IDENTITY[sdk=iphoneos*]" = "iPhone Developer";
				COPY_PHASE_STRIP = YES;
				ENABLE_NS_ASSERTIONS = NO;
				ENABLE_STRICT_OBJC_MSGSEND = YES;
				GCC_C_LANGUAGE_STANDARD = gnu99;
				GCC_WARN_64_TO_32_BIT_CONVERSION = YES;
				GCC_WARN_ABOUT_RETURN_TYPE = YES_ERROR;
				GCC_WARN_UNDECLARED_SELECTOR = YES;
				GCC_WARN_UNINITIALIZED_AUTOS = YES_AGGRESSIVE;
				GCC_WARN_UNUSED_FUNCTION = YES;
				GCC_WARN_UNUSED_VARIABLE = YES;
				IPHONEOS_DEPLOYMENT_TARGET = 8.1;
				MTL_ENABLE_DEBUG_INFO = NO;
				SDKROOT = iphoneos;
				TARGETED_DEVICE_FAMILY = "1,2";
				VALIDATE_PRODUCT = YES;
			};
			name = Release;
		};
		512732BE1A1BEBB70070D96E /* Debug */ = {
			isa = XCBuildConfiguration;
			buildSettings = {
				ASSETCATALOG_COMPILER_APPICON_NAME = AppIcon;
				INFOPLIST_FILE = CustomShaders/Info.plist;
				LD_RUNPATH_SEARCH_PATHS = "$(inherited) @executable_path/Frameworks";
				PRODUCT_NAME = "$(TARGET_NAME)";
			};
			name = Debug;
		};
		512732BF1A1BEBB70070D96E /* Release */ = {
			isa = XCBuildConfiguration;
			buildSettings = {
				ASSETCATALOG_COMPILER_APPICON_NAME = AppIcon;
				INFOPLIST_FILE = CustomShaders/Info.plist;
				LD_RUNPATH_SEARCH_PATHS = "$(inherited) @executable_path/Frameworks";
				PRODUCT_NAME = "$(TARGET_NAME)";
			};
			name = Release;
		};
		512732C11A1BEBB70070D96E /* Debug */ = {
			isa = XCBuildConfiguration;
			buildSettings = {
				BUNDLE_LOADER = "$(TEST_HOST)";
				FRAMEWORK_SEARCH_PATHS = (
					"$(SDKROOT)/Developer/Library/Frameworks",
					"$(inherited)",
				);
				GCC_PREPROCESSOR_DEFINITIONS = (
					"DEBUG=1",
					"$(inherited)",
				);
				INFOPLIST_FILE = CustomShadersTests/Info.plist;
				LD_RUNPATH_SEARCH_PATHS = "$(inherited) @executable_path/Frameworks @loader_path/Frameworks";
				PRODUCT_NAME = "$(TARGET_NAME)";
				TEST_HOST = "$(BUILT_PRODUCTS_DIR)/CustomShaders.app/CustomShaders";
			};
			name = Debug;
		};
		512732C21A1BEBB70070D96E /* Release */ = {
			isa = XCBuildConfiguration;
			buildSettings = {
				BUNDLE_LOADER = "$(TEST_HOST)";
				FRAMEWORK_SEARCH_PATHS = (
					"$(SDKROOT)/Developer/Library/Frameworks",
					"$(inherited)",
				);
				INFOPLIST_FILE = CustomShadersTests/Info.plist;
				LD_RUNPATH_SEARCH_PATHS = "$(inherited) @executable_path/Frameworks @loader_path/Frameworks";
				PRODUCT_NAME = "$(TARGET_NAME)";
				TEST_HOST = "$(BUILT_PRODUCTS_DIR)/CustomShaders.app/CustomShaders";
			};
			name = Release;
		};
/* End XCBuildConfiguration section */

/* Begin XCConfigurationList section */
		512732971A1BEBB70070D96E /* Build configuration list for PBXProject "CustomShaders" */ = {
			isa = XCConfigurationList;
			buildConfigurations = (
				512732BB1A1BEBB70070D96E /* Debug */,
				512732BC1A1BEBB70070D96E /* Release */,
			);
			defaultConfigurationIsVisible = 0;
			defaultConfigurationName = Release;
		};
		512732BD1A1BEBB70070D96E /* Build configuration list for PBXNativeTarget "CustomShaders" */ = {
			isa = XCConfigurationList;
			buildConfigurations = (
				512732BE1A1BEBB70070D96E /* Debug */,
				512732BF1A1BEBB70070D96E /* Release */,
			);
			defaultConfigurationIsVisible = 0;
			defaultConfigurationName = Release;
		};
		512732C01A1BEBB70070D96E /* Build configuration list for PBXNativeTarget "CustomShadersTests" */ = {
			isa = XCConfigurationList;
			buildConfigurations = (
				512732C11A1BEBB70070D96E /* Debug */,
				512732C21A1BEBB70070D96E /* Release */,
			);
			defaultConfigurationIsVisible = 0;
			defaultConfigurationName = Release;
		};
/* End XCConfigurationList section */
	};
	rootObject = 512732941A1BEBB70070D96E /* Project object */;
}
